
Microsoft Visual Studio Solution File, Format Version 12.00
# Visual Studio Version 17
VisualStudioVersion = 17.0.31903.59
MinimumVisualStudioVersion = 10.0.40219.1
Project("{2150E333-8FDC-42A3-9474-1A3956D46DE8}") = "src", "src", "{827E0CD3-B72D-47B6-A68D-7590B98EB39B}"
EndProject
Project("{FAE04EC0-301F-11D3-BF4B-00C04F79EFBC}") = "Billing.Api", "src\Billing.Api\Billing.Api.csproj", "{C1E7AB1D-BF85-4999-AB25-CF011591D6B3}"
EndProject
Project("{2150E333-8FDC-42A3-9474-1A3956D46DE8}") = "tests", "tests", "{0AB3BF05-4346-4AA6-1389-037BE0695223}"
EndProject
Project("{FAE04EC0-301F-11D3-BF4B-00C04F79EFBC}") = "Billing.Api.Tests", "tests\Billing.Api.Tests\Billing.Api.Tests.csproj", "{296270DE-11F4-42FD-A304-FD4AE1EF0165}"
EndProject
Project("{FAE04EC0-301F-11D3-BF4B-00C04F79EFBC}") = "Billing.Domain", "src\Billing.Domain\Billing.Domain.csproj", "{BED970A4-0BB3-4733-A1AF-6AE0172ED917}"
EndProject
Project("{FAE04EC0-301F-11D3-BF4B-00C04F79EFBC}") = "Billing.Application", "src\Billing.Application\Billing.Application.csproj", "{8B421FBC-F511-48DE-BD85-FEE049A11E7E}"
EndProject
Project("{FAE04EC0-301F-11D3-BF4B-00C04F79EFBC}") = "Billing.Infrastructure", "src\Billing.Infrastructure\Billing.Infrastructure.csproj", "{9AD76F71-C56E-4AA7-9FBD-D81295480380}"
EndProject
Global
	GlobalSection(SolutionConfigurationPlatforms) = preSolution
		Debug|Any CPU = Debug|Any CPU
		Debug|x64 = Debug|x64
		Debug|x86 = Debug|x86
		Release|Any CPU = Release|Any CPU
		Release|x64 = Release|x64
		Release|x86 = Release|x86
	EndGlobalSection
	GlobalSection(ProjectConfigurationPlatforms) = postSolution
		{C1E7AB1D-BF85-4999-AB25-CF011591D6B3}.Debug|Any CPU.ActiveCfg = Debug|Any CPU
		{C1E7AB1D-BF85-4999-AB25-CF011591D6B3}.Debug|Any CPU.Build.0 = Debug|Any CPU
		{C1E7AB1D-BF85-4999-AB25-CF011591D6B3}.Debug|x64.ActiveCfg = Debug|Any CPU
		{C1E7AB1D-BF85-4999-AB25-CF011591D6B3}.Debug|x64.Build.0 = Debug|Any CPU
		{C1E7AB1D-BF85-4999-AB25-CF011591D6B3}.Debug|x86.ActiveCfg = Debug|Any CPU
		{C1E7AB1D-BF85-4999-AB25-CF011591D6B3}.Debug|x86.Build.0 = Debug|Any CPU
		{C1E7AB1D-BF85-4999-AB25-CF011591D6B3}.Release|Any CPU.ActiveCfg = Release|Any CPU
		{C1E7AB1D-BF85-4999-AB25-CF011591D6B3}.Release|Any CPU.Build.0 = Release|Any CPU
		{C1E7AB1D-BF85-4999-AB25-CF011591D6B3}.Release|x64.ActiveCfg = Release|Any CPU
		{C1E7AB1D-BF85-4999-AB25-CF011591D6B3}.Release|x64.Build.0 = Release|Any CPU
		{C1E7AB1D-BF85-4999-AB25-CF011591D6B3}.Release|x86.ActiveCfg = Release|Any CPU
		{C1E7AB1D-BF85-4999-AB25-CF011591D6B3}.Release|x86.Build.0 = Release|Any CPU
		{296270DE-11F4-42FD-A304-FD4AE1EF0165}.Debug|Any CPU.ActiveCfg = Debug|Any CPU
		{296270DE-11F4-42FD-A304-FD4AE1EF0165}.Debug|Any CPU.Build.0 = Debug|Any CPU
		{296270DE-11F4-42FD-A304-FD4AE1EF0165}.Debug|x64.ActiveCfg = Debug|Any CPU
		{296270DE-11F4-42FD-A304-FD4AE1EF0165}.Debug|x64.Build.0 = Debug|Any CPU
		{296270DE-11F4-42FD-A304-FD4AE1EF0165}.Debug|x86.ActiveCfg = Debug|Any CPU
		{296270DE-11F4-42FD-A304-FD4AE1EF0165}.Debug|x86.Build.0 = Debug|Any CPU
		{296270DE-11F4-42FD-A304-FD4AE1EF0165}.Release|Any CPU.ActiveCfg = Release|Any CPU
		{296270DE-11F4-42FD-A304-FD4AE1EF0165}.Release|Any CPU.Build.0 = Release|Any CPU
		{296270DE-11F4-42FD-A304-FD4AE1EF0165}.Release|x64.ActiveCfg = Release|Any CPU
		{296270DE-11F4-42FD-A304-FD4AE1EF0165}.Release|x64.Build.0 = Release|Any CPU
		{296270DE-11F4-42FD-A304-FD4AE1EF0165}.Release|x86.ActiveCfg = Release|Any CPU
		{296270DE-11F4-42FD-A304-FD4AE1EF0165}.Release|x86.Build.0 = Release|Any CPU
		{BED970A4-0BB3-4733-A1AF-6AE0172ED917}.Debug|Any CPU.ActiveCfg = Debug|Any CPU
		{BED970A4-0BB3-4733-A1AF-6AE0172ED917}.Debug|Any CPU.Build.0 = Debug|Any CPU
		{BED970A4-0BB3-4733-A1AF-6AE0172ED917}.Debug|x64.ActiveCfg = Debug|Any CPU
		{BED970A4-0BB3-4733-A1AF-6AE0172ED917}.Debug|x64.Build.0 = Debug|Any CPU
		{BED970A4-0BB3-4733-A1AF-6AE0172ED917}.Debug|x86.ActiveCfg = Debug|Any CPU
		{BED970A4-0BB3-4733-A1AF-6AE0172ED917}.Debug|x86.Build.0 = Debug|Any CPU
		{BED970A4-0BB3-4733-A1AF-6AE0172ED917}.Release|Any CPU.ActiveCfg = Release|Any CPU
		{BED970A4-0BB3-4733-A1AF-6AE0172ED917}.Release|Any CPU.Build.0 = Release|Any CPU
		{BED970A4-0BB3-4733-A1AF-6AE0172ED917}.Release|x64.ActiveCfg = Release|Any CPU
		{BED970A4-0BB3-4733-A1AF-6AE0172ED917}.Release|x64.Build.0 = Release|Any CPU
		{BED970A4-0BB3-4733-A1AF-6AE0172ED917}.Release|x86.ActiveCfg = Release|Any CPU
		{BED970A4-0BB3-4733-A1AF-6AE0172ED917}.Release|x86.Build.0 = Release|Any CPU
		{8B421FBC-F511-48DE-BD85-FEE049A11E7E}.Debug|Any CPU.ActiveCfg = Debug|Any CPU
		{8B421FBC-F511-48DE-BD85-FEE049A11E7E}.Debug|Any CPU.Build.0 = Debug|Any CPU
		{8B421FBC-F511-48DE-BD85-FEE049A11E7E}.Debug|x64.ActiveCfg = Debug|Any CPU
		{8B421FBC-F511-48DE-BD85-FEE049A11E7E}.Debug|x64.Build.0 = Debug|Any CPU
		{8B421FBC-F511-48DE-BD85-FEE049A11E7E}.Debug|x86.ActiveCfg = Debug|Any CPU
		{8B421FBC-F511-48DE-BD85-FEE049A11E7E}.Debug|x86.Build.0 = Debug|Any CPU
		{8B421FBC-F511-48DE-BD85-FEE049A11E7E}.Release|Any CPU.ActiveCfg = Release|Any CPU
		{8B421FBC-F511-48DE-BD85-FEE049A11E7E}.Release|Any CPU.Build.0 = Release|Any CPU
		{8B421FBC-F511-48DE-BD85-FEE049A11E7E}.Release|x64.ActiveCfg = Release|Any CPU
		{8B421FBC-F511-48DE-BD85-FEE049A11E7E}.Release|x64.Build.0 = Release|Any CPU
		{8B421FBC-F511-48DE-BD85-FEE049A11E7E}.Release|x86.ActiveCfg = Release|Any CPU
		{8B421FBC-F511-48DE-BD85-FEE049A11E7E}.Release|x86.Build.0 = Release|Any CPU
		{9AD76F71-C56E-4AA7-9FBD-D81295480380}.Debug|Any CPU.ActiveCfg = Debug|Any CPU
		{9AD76F71-C56E-4AA7-9FBD-D81295480380}.Debug|Any CPU.Build.0 = Debug|Any CPU
		{9AD76F71-C56E-4AA7-9FBD-D81295480380}.Debug|x64.ActiveCfg = Debug|Any CPU
		{9AD76F71-C56E-4AA7-9FBD-D81295480380}.Debug|x64.Build.0 = Debug|Any CPU
		{9AD76F71-C56E-4AA7-9FBD-D81295480380}.Debug|x86.ActiveCfg = Debug|Any CPU
		{9AD76F71-C56E-4AA7-9FBD-D81295480380}.Debug|x86.Build.0 = Debug|Any CPU
		{9AD76F71-C56E-4AA7-9FBD-D81295480380}.Release|Any CPU.ActiveCfg = Release|Any CPU
		{9AD76F71-C56E-4AA7-9FBD-D81295480380}.Release|Any CPU.Build.0 = Release|Any CPU
		{9AD76F71-C56E-4AA7-9FBD-D81295480380}.Release|x64.ActiveCfg = Release|Any CPU
		{9AD76F71-C56E-4AA7-9FBD-D81295480380}.Release|x64.Build.0 = Release|Any CPU
		{9AD76F71-C56E-4AA7-9FBD-D81295480380}.Release|x86.ActiveCfg = Release|Any CPU
		{9AD76F71-C56E-4AA7-9FBD-D81295480380}.Release|x86.Build.0 = Release|Any CPU
	EndGlobalSection
	GlobalSection(SolutionProperties) = preSolution
		HideSolutionNode = FALSE
	EndGlobalSection
	GlobalSection(NestedProjects) = preSolution
		{C1E7AB1D-BF85-4999-AB25-CF011591D6B3} = {827E0CD3-B72D-47B6-A68D-7590B98EB39B}
		{296270DE-11F4-42FD-A304-FD4AE1EF0165} = {0AB3BF05-4346-4AA6-1389-037BE0695223}
		{BED970A4-0BB3-4733-A1AF-6AE0172ED917} = {827E0CD3-B72D-47B6-A68D-7590B98EB39B}
		{8B421FBC-F511-48DE-BD85-FEE049A11E7E} = {827E0CD3-B72D-47B6-A68D-7590B98EB39B}
		{9AD76F71-C56E-4AA7-9FBD-D81295480380} = {827E0CD3-B72D-47B6-A68D-7590B98EB39B}
	EndGlobalSection
EndGlobal
